
Microsoft Visual Studio Solution File, Format Version 12.00
# Visual Studio Version 17
VisualStudioVersion = 17.0.31903.59
MinimumVisualStudioVersion = 10.0.40219.1
Project("{FAE04EC0-301F-11D3-BF4B-00C04F79EFBC}") = "APIGateway", "services\gateway\APIGateway.csproj", "{031CFE1D-2CC0-4C35-AE15-D7FC9800C317}"
EndProject
Project("{2150E333-8FDC-42A3-9474-1A3956D46DE8}") = "post-service", "post-service", "{18795554-5C93-414F-E869-132B67ED5E5E}"
EndProject
Project("{FAE04EC0-301F-11D3-BF4B-00C04F79EFBC}") = "PostService.API", "services\post-service\src\PostService.API\PostService.API.csproj", "{24BF8433-7B82-4F17-9C8F-EC9CD7DBA227}"
EndProject
Project("{FAE04EC0-301F-11D3-BF4B-00C04F79EFBC}") = "PostService.Application", "services\post-service\src\PostService.Application\PostService.Application.csproj", "{CE6AB12D-A5AD-42BF-BD6C-FDF1AEE384D4}"
EndProject
Project("{FAE04EC0-301F-11D3-BF4B-00C04F79EFBC}") = "PostService.Domain", "services\post-service\src\PostService.Domain\PostService.Domain.csproj", "{B84FC06E-8F23-4C40-8704-4F416DCB5173}"
EndProject
Project("{FAE04EC0-301F-11D3-BF4B-00C04F79EFBC}") = "PostService.Infrastructure", "services\post-service\src\PostService.Infrastructure\PostService.Infrastructure.csproj", "{53FE3E11-3A3A-4652-B8D3-FB7E6E553A1F}"
EndProject
Project("{2150E333-8FDC-42A3-9474-1A3956D46DE8}") = "user-service", "user-service", "{6CE124D1-5A86-E753-8579-3C0287836B7C}"
EndProject
Project("{FAE04EC0-301F-11D3-BF4B-00C04F79EFBC}") = "UserService.API", "services\user-service\src\UserService.API\UserService.API.csproj", "{4645A6F8-3716-46FA-B319-6026DD4908A9}"
EndProject
Project("{FAE04EC0-301F-11D3-BF4B-00C04F79EFBC}") = "UserService.Application", "services\user-service\src\UserService.Application\UserService.Application.csproj", "{DE47FC0E-0742-4751-94FA-8C71A55E741F}"
EndProject
Project("{FAE04EC0-301F-11D3-BF4B-00C04F79EFBC}") = "UserService.Domain", "services\user-service\src\UserService.Domain\UserService.Domain.csproj", "{1145C2B2-84CC-42F6-983B-3E420B156529}"
EndProject
Project("{FAE04EC0-301F-11D3-BF4B-00C04F79EFBC}") = "UserService.Infrastructure", "services\user-service\src\UserService.Infrastructure\UserService.Infrastructure.csproj", "{154822BA-03C1-49B8-AB61-681669CB4210}"
EndProject
Project("{FAE04EC0-301F-11D3-BF4B-00C04F79EFBC}") = "UserService.Tests", "services\user-service\tests\UserService.Tests\UserService.Tests.csproj", "{32E88302-4F13-49DC-8691-76DC8AC99218}"
EndProject
Project("{FAE04EC0-301F-11D3-BF4B-00C04F79EFBC}") = "PostService.Tests", "services\post-service\tests\PostService.Tests\PostService.Tests.csproj", "{50A8E5A6-2719-4248-9440-44201A8F5125}"
EndProject
Global
	GlobalSection(SolutionConfigurationPlatforms) = preSolution
		Debug|Any CPU = Debug|Any CPU
		Debug|x64 = Debug|x64
		Debug|x86 = Debug|x86
		Release|Any CPU = Release|Any CPU
		Release|x64 = Release|x64
		Release|x86 = Release|x86
	EndGlobalSection
	GlobalSection(ProjectConfigurationPlatforms) = postSolution
		{031CFE1D-2CC0-4C35-AE15-D7FC9800C317}.Debug|Any CPU.ActiveCfg = Debug|Any CPU
		{031CFE1D-2CC0-4C35-AE15-D7FC9800C317}.Debug|Any CPU.Build.0 = Debug|Any CPU
		{031CFE1D-2CC0-4C35-AE15-D7FC9800C317}.Debug|x64.ActiveCfg = Debug|Any CPU
		{031CFE1D-2CC0-4C35-AE15-D7FC9800C317}.Debug|x64.Build.0 = Debug|Any CPU
		{031CFE1D-2CC0-4C35-AE15-D7FC9800C317}.Debug|x86.ActiveCfg = Debug|Any CPU
		{031CFE1D-2CC0-4C35-AE15-D7FC9800C317}.Debug|x86.Build.0 = Debug|Any CPU
		{031CFE1D-2CC0-4C35-AE15-D7FC9800C317}.Release|Any CPU.ActiveCfg = Release|Any CPU
		{031CFE1D-2CC0-4C35-AE15-D7FC9800C317}.Release|Any CPU.Build.0 = Release|Any CPU
		{031CFE1D-2CC0-4C35-AE15-D7FC9800C317}.Release|x64.ActiveCfg = Release|Any CPU
		{031CFE1D-2CC0-4C35-AE15-D7FC9800C317}.Release|x64.Build.0 = Release|Any CPU
		{031CFE1D-2CC0-4C35-AE15-D7FC9800C317}.Release|x86.ActiveCfg = Release|Any CPU
		{031CFE1D-2CC0-4C35-AE15-D7FC9800C317}.Release|x86.Build.0 = Release|Any CPU
		{24BF8433-7B82-4F17-9C8F-EC9CD7DBA227}.Debug|Any CPU.ActiveCfg = Debug|Any CPU
		{24BF8433-7B82-4F17-9C8F-EC9CD7DBA227}.Debug|Any CPU.Build.0 = Debug|Any CPU
		{24BF8433-7B82-4F17-9C8F-EC9CD7DBA227}.Debug|x64.ActiveCfg = Debug|Any CPU
		{24BF8433-7B82-4F17-9C8F-EC9CD7DBA227}.Debug|x64.Build.0 = Debug|Any CPU
		{24BF8433-7B82-4F17-9C8F-EC9CD7DBA227}.Debug|x86.ActiveCfg = Debug|Any CPU
		{24BF8433-7B82-4F17-9C8F-EC9CD7DBA227}.Debug|x86.Build.0 = Debug|Any CPU
		{24BF8433-7B82-4F17-9C8F-EC9CD7DBA227}.Release|Any CPU.ActiveCfg = Release|Any CPU
		{24BF8433-7B82-4F17-9C8F-EC9CD7DBA227}.Release|Any CPU.Build.0 = Release|Any CPU
		{24BF8433-7B82-4F17-9C8F-EC9CD7DBA227}.Release|x64.ActiveCfg = Release|Any CPU
		{24BF8433-7B82-4F17-9C8F-EC9CD7DBA227}.Release|x64.Build.0 = Release|Any CPU
		{24BF8433-7B82-4F17-9C8F-EC9CD7DBA227}.Release|x86.ActiveCfg = Release|Any CPU
		{24BF8433-7B82-4F17-9C8F-EC9CD7DBA227}.Release|x86.Build.0 = Release|Any CPU
		{CE6AB12D-A5AD-42BF-BD6C-FDF1AEE384D4}.Debug|Any CPU.ActiveCfg = Debug|Any CPU
		{CE6AB12D-A5AD-42BF-BD6C-FDF1AEE384D4}.Debug|Any CPU.Build.0 = Debug|Any CPU
		{CE6AB12D-A5AD-42BF-BD6C-FDF1AEE384D4}.Debug|x64.ActiveCfg = Debug|Any CPU
		{CE6AB12D-A5AD-42BF-BD6C-FDF1AEE384D4}.Debug|x64.Build.0 = Debug|Any CPU
		{CE6AB12D-A5AD-42BF-BD6C-FDF1AEE384D4}.Debug|x86.ActiveCfg = Debug|Any CPU
		{CE6AB12D-A5AD-42BF-BD6C-FDF1AEE384D4}.Debug|x86.Build.0 = Debug|Any CPU
		{CE6AB12D-A5AD-42BF-BD6C-FDF1AEE384D4}.Release|Any CPU.ActiveCfg = Release|Any CPU
		{CE6AB12D-A5AD-42BF-BD6C-FDF1AEE384D4}.Release|Any CPU.Build.0 = Release|Any CPU
		{CE6AB12D-A5AD-42BF-BD6C-FDF1AEE384D4}.Release|x64.ActiveCfg = Release|Any CPU
		{CE6AB12D-A5AD-42BF-BD6C-FDF1AEE384D4}.Release|x64.Build.0 = Release|Any CPU
		{CE6AB12D-A5AD-42BF-BD6C-FDF1AEE384D4}.Release|x86.ActiveCfg = Release|Any CPU
		{CE6AB12D-A5AD-42BF-BD6C-FDF1AEE384D4}.Release|x86.Build.0 = Release|Any CPU
		{B84FC06E-8F23-4C40-8704-4F416DCB5173}.Debug|Any CPU.ActiveCfg = Debug|Any CPU
		{B84FC06E-8F23-4C40-8704-4F416DCB5173}.Debug|Any CPU.Build.0 = Debug|Any CPU
		{B84FC06E-8F23-4C40-8704-4F416DCB5173}.Debug|x64.ActiveCfg = Debug|Any CPU
		{B84FC06E-8F23-4C40-8704-4F416DCB5173}.Debug|x64.Build.0 = Debug|Any CPU
		{B84FC06E-8F23-4C40-8704-4F416DCB5173}.Debug|x86.ActiveCfg = Debug|Any CPU
		{B84FC06E-8F23-4C40-8704-4F416DCB5173}.Debug|x86.Build.0 = Debug|Any CPU
		{B84FC06E-8F23-4C40-8704-4F416DCB5173}.Release|Any CPU.ActiveCfg = Release|Any CPU
		{B84FC06E-8F23-4C40-8704-4F416DCB5173}.Release|Any CPU.Build.0 = Release|Any CPU
		{B84FC06E-8F23-4C40-8704-4F416DCB5173}.Release|x64.ActiveCfg = Release|Any CPU
		{B84FC06E-8F23-4C40-8704-4F416DCB5173}.Release|x64.Build.0 = Release|Any CPU
		{B84FC06E-8F23-4C40-8704-4F416DCB5173}.Release|x86.ActiveCfg = Release|Any CPU
		{B84FC06E-8F23-4C40-8704-4F416DCB5173}.Release|x86.Build.0 = Release|Any CPU
		{53FE3E11-3A3A-4652-B8D3-FB7E6E553A1F}.Debug|Any CPU.ActiveCfg = Debug|Any CPU
		{53FE3E11-3A3A-4652-B8D3-FB7E6E553A1F}.Debug|Any CPU.Build.0 = Debug|Any CPU
		{53FE3E11-3A3A-4652-B8D3-FB7E6E553A1F}.Debug|x64.ActiveCfg = Debug|Any CPU
		{53FE3E11-3A3A-4652-B8D3-FB7E6E553A1F}.Debug|x64.Build.0 = Debug|Any CPU
		{53FE3E11-3A3A-4652-B8D3-FB7E6E553A1F}.Debug|x86.ActiveCfg = Debug|Any CPU
		{53FE3E11-3A3A-4652-B8D3-FB7E6E553A1F}.Debug|x86.Build.0 = Debug|Any CPU
		{53FE3E11-3A3A-4652-B8D3-FB7E6E553A1F}.Release|Any CPU.ActiveCfg = Release|Any CPU
		{53FE3E11-3A3A-4652-B8D3-FB7E6E553A1F}.Release|Any CPU.Build.0 = Release|Any CPU
		{53FE3E11-3A3A-4652-B8D3-FB7E6E553A1F}.Release|x64.ActiveCfg = Release|Any CPU
		{53FE3E11-3A3A-4652-B8D3-FB7E6E553A1F}.Release|x64.Build.0 = Release|Any CPU
		{53FE3E11-3A3A-4652-B8D3-FB7E6E553A1F}.Release|x86.ActiveCfg = Release|Any CPU
		{53FE3E11-3A3A-4652-B8D3-FB7E6E553A1F}.Release|x86.Build.0 = Release|Any CPU
		{4645A6F8-3716-46FA-B319-6026DD4908A9}.Debug|Any CPU.ActiveCfg = Debug|Any CPU
		{4645A6F8-3716-46FA-B319-6026DD4908A9}.Debug|Any CPU.Build.0 = Debug|Any CPU
		{4645A6F8-3716-46FA-B319-6026DD4908A9}.Debug|x64.ActiveCfg = Debug|Any CPU
		{4645A6F8-3716-46FA-B319-6026DD4908A9}.Debug|x64.Build.0 = Debug|Any CPU
		{4645A6F8-3716-46FA-B319-6026DD4908A9}.Debug|x86.ActiveCfg = Debug|Any CPU
		{4645A6F8-3716-46FA-B319-6026DD4908A9}.Debug|x86.Build.0 = Debug|Any CPU
		{4645A6F8-3716-46FA-B319-6026DD4908A9}.Release|Any CPU.ActiveCfg = Release|Any CPU
		{4645A6F8-3716-46FA-B319-6026DD4908A9}.Release|Any CPU.Build.0 = Release|Any CPU
		{4645A6F8-3716-46FA-B319-6026DD4908A9}.Release|x64.ActiveCfg = Release|Any CPU
		{4645A6F8-3716-46FA-B319-6026DD4908A9}.Release|x64.Build.0 = Release|Any CPU
		{4645A6F8-3716-46FA-B319-6026DD4908A9}.Release|x86.ActiveCfg = Release|Any CPU
		{4645A6F8-3716-46FA-B319-6026DD4908A9}.Release|x86.Build.0 = Release|Any CPU
		{DE47FC0E-0742-4751-94FA-8C71A55E741F}.Debug|Any CPU.ActiveCfg = Debug|Any CPU
		{DE47FC0E-0742-4751-94FA-8C71A55E741F}.Debug|Any CPU.Build.0 = Debug|Any CPU
		{DE47FC0E-0742-4751-94FA-8C71A55E741F}.Debug|x64.ActiveCfg = Debug|Any CPU
		{DE47FC0E-0742-4751-94FA-8C71A55E741F}.Debug|x64.Build.0 = Debug|Any CPU
		{DE47FC0E-0742-4751-94FA-8C71A55E741F}.Debug|x86.ActiveCfg = Debug|Any CPU
		{DE47FC0E-0742-4751-94FA-8C71A55E741F}.Debug|x86.Build.0 = Debug|Any CPU
		{DE47FC0E-0742-4751-94FA-8C71A55E741F}.Release|Any CPU.ActiveCfg = Release|Any CPU
		{DE47FC0E-0742-4751-94FA-8C71A55E741F}.Release|Any CPU.Build.0 = Release|Any CPU
		{DE47FC0E-0742-4751-94FA-8C71A55E741F}.Release|x64.ActiveCfg = Release|Any CPU
		{DE47FC0E-0742-4751-94FA-8C71A55E741F}.Release|x64.Build.0 = Release|Any CPU
		{DE47FC0E-0742-4751-94FA-8C71A55E741F}.Release|x86.ActiveCfg = Release|Any CPU
		{DE47FC0E-0742-4751-94FA-8C71A55E741F}.Release|x86.Build.0 = Release|Any CPU
		{1145C2B2-84CC-42F6-983B-3E420B156529}.Debug|Any CPU.ActiveCfg = Debug|Any CPU
		{1145C2B2-84CC-42F6-983B-3E420B156529}.Debug|Any CPU.Build.0 = Debug|Any CPU
		{1145C2B2-84CC-42F6-983B-3E420B156529}.Debug|x64.ActiveCfg = Debug|Any CPU
		{1145C2B2-84CC-42F6-983B-3E420B156529}.Debug|x64.Build.0 = Debug|Any CPU
		{1145C2B2-84CC-42F6-983B-3E420B156529}.Debug|x86.ActiveCfg = Debug|Any CPU
		{1145C2B2-84CC-42F6-983B-3E420B156529}.Debug|x86.Build.0 = Debug|Any CPU
		{1145C2B2-84CC-42F6-983B-3E420B156529}.Release|Any CPU.ActiveCfg = Release|Any CPU
		{1145C2B2-84CC-42F6-983B-3E420B156529}.Release|Any CPU.Build.0 = Release|Any CPU
		{1145C2B2-84CC-42F6-983B-3E420B156529}.Release|x64.ActiveCfg = Release|Any CPU
		{1145C2B2-84CC-42F6-983B-3E420B156529}.Release|x64.Build.0 = Release|Any CPU
		{1145C2B2-84CC-42F6-983B-3E420B156529}.Release|x86.ActiveCfg = Release|Any CPU
		{1145C2B2-84CC-42F6-983B-3E420B156529}.Release|x86.Build.0 = Release|Any CPU
		{154822BA-03C1-49B8-AB61-681669CB4210}.Debug|Any CPU.ActiveCfg = Debug|Any CPU
		{154822BA-03C1-49B8-AB61-681669CB4210}.Debug|Any CPU.Build.0 = Debug|Any CPU
		{154822BA-03C1-49B8-AB61-681669CB4210}.Debug|x64.ActiveCfg = Debug|Any CPU
		{154822BA-03C1-49B8-AB61-681669CB4210}.Debug|x64.Build.0 = Debug|Any CPU
		{154822BA-03C1-49B8-AB61-681669CB4210}.Debug|x86.ActiveCfg = Debug|Any CPU
		{154822BA-03C1-49B8-AB61-681669CB4210}.Debug|x86.Build.0 = Debug|Any CPU
		{154822BA-03C1-49B8-AB61-681669CB4210}.Release|Any CPU.ActiveCfg = Release|Any CPU
		{154822BA-03C1-49B8-AB61-681669CB4210}.Release|Any CPU.Build.0 = Release|Any CPU
		{154822BA-03C1-49B8-AB61-681669CB4210}.Release|x64.ActiveCfg = Release|Any CPU
		{154822BA-03C1-49B8-AB61-681669CB4210}.Release|x64.Build.0 = Release|Any CPU
		{154822BA-03C1-49B8-AB61-681669CB4210}.Release|x86.ActiveCfg = Release|Any CPU
		{154822BA-03C1-49B8-AB61-681669CB4210}.Release|x86.Build.0 = Release|Any CPU
		{32E88302-4F13-49DC-8691-76DC8AC99218}.Debug|Any CPU.ActiveCfg = Debug|Any CPU
		{32E88302-4F13-49DC-8691-76DC8AC99218}.Debug|Any CPU.Build.0 = Debug|Any CPU
		{32E88302-4F13-49DC-8691-76DC8AC99218}.Debug|x64.ActiveCfg = Debug|Any CPU
		{32E88302-4F13-49DC-8691-76DC8AC99218}.Debug|x64.Build.0 = Debug|Any CPU
		{32E88302-4F13-49DC-8691-76DC8AC99218}.Debug|x86.ActiveCfg = Debug|Any CPU
		{32E88302-4F13-49DC-8691-76DC8AC99218}.Debug|x86.Build.0 = Debug|Any CPU
		{32E88302-4F13-49DC-8691-76DC8AC99218}.Release|Any CPU.ActiveCfg = Release|Any CPU
		{32E88302-4F13-49DC-8691-76DC8AC99218}.Release|Any CPU.Build.0 = Release|Any CPU
		{32E88302-4F13-49DC-8691-76DC8AC99218}.Release|x64.ActiveCfg = Release|Any CPU
		{32E88302-4F13-49DC-8691-76DC8AC99218}.Release|x64.Build.0 = Release|Any CPU
		{32E88302-4F13-49DC-8691-76DC8AC99218}.Release|x86.ActiveCfg = Release|Any CPU
		{32E88302-4F13-49DC-8691-76DC8AC99218}.Release|x86.Build.0 = Release|Any CPU
		{50A8E5A6-2719-4248-9440-44201A8F5125}.Debug|Any CPU.ActiveCfg = Debug|Any CPU
		{50A8E5A6-2719-4248-9440-44201A8F5125}.Debug|Any CPU.Build.0 = Debug|Any CPU
		{50A8E5A6-2719-4248-9440-44201A8F5125}.Debug|x64.ActiveCfg = Debug|Any CPU
		{50A8E5A6-2719-4248-9440-44201A8F5125}.Debug|x64.Build.0 = Debug|Any CPU
		{50A8E5A6-2719-4248-9440-44201A8F5125}.Debug|x86.ActiveCfg = Debug|Any CPU
		{50A8E5A6-2719-4248-9440-44201A8F5125}.Debug|x86.Build.0 = Debug|Any CPU
		{50A8E5A6-2719-4248-9440-44201A8F5125}.Release|Any CPU.ActiveCfg = Release|Any CPU
		{50A8E5A6-2719-4248-9440-44201A8F5125}.Release|Any CPU.Build.0 = Release|Any CPU
		{50A8E5A6-2719-4248-9440-44201A8F5125}.Release|x64.ActiveCfg = Release|Any CPU
		{50A8E5A6-2719-4248-9440-44201A8F5125}.Release|x64.Build.0 = Release|Any CPU
		{50A8E5A6-2719-4248-9440-44201A8F5125}.Release|x86.ActiveCfg = Release|Any CPU
		{50A8E5A6-2719-4248-9440-44201A8F5125}.Release|x86.Build.0 = Release|Any CPU
	EndGlobalSection
	GlobalSection(SolutionProperties) = preSolution
		HideSolutionNode = FALSE
	EndGlobalSection
	GlobalSection(NestedProjects) = preSolution
		{24BF8433-7B82-4F17-9C8F-EC9CD7DBA227} = {18795554-5C93-414F-E869-132B67ED5E5E}
		{CE6AB12D-A5AD-42BF-BD6C-FDF1AEE384D4} = {18795554-5C93-414F-E869-132B67ED5E5E}
		{B84FC06E-8F23-4C40-8704-4F416DCB5173} = {18795554-5C93-414F-E869-132B67ED5E5E}
		{53FE3E11-3A3A-4652-B8D3-FB7E6E553A1F} = {18795554-5C93-414F-E869-132B67ED5E5E}
		{4645A6F8-3716-46FA-B319-6026DD4908A9} = {6CE124D1-5A86-E753-8579-3C0287836B7C}
		{DE47FC0E-0742-4751-94FA-8C71A55E741F} = {6CE124D1-5A86-E753-8579-3C0287836B7C}
		{1145C2B2-84CC-42F6-983B-3E420B156529} = {6CE124D1-5A86-E753-8579-3C0287836B7C}
		{154822BA-03C1-49B8-AB61-681669CB4210} = {6CE124D1-5A86-E753-8579-3C0287836B7C}
		{32E88302-4F13-49DC-8691-76DC8AC99218} = {6CE124D1-5A86-E753-8579-3C0287836B7C}
		{50A8E5A6-2719-4248-9440-44201A8F5125} = {18795554-5C93-414F-E869-132B67ED5E5E}
	EndGlobalSection
EndGlobal
